
Microsoft Visual Studio Solution File, Format Version 12.00
# Visual Studio Version 17
VisualStudioVersion = 17.10.35013.160
MinimumVisualStudioVersion = 10.0.40219.1
Project("{FAE04EC0-301F-11D3-BF4B-00C04F79EFBC}") = "Git01", "Git01.csproj", "{CBB9D3CB-4C1D-4F37-8D02-F2B00DCFC9BE}"
EndProject
Global
	GlobalSection(SolutionConfigurationPlatforms) = preSolution
		Debug|Any CPU = Debug|Any CPU
		Release|Any CPU = Release|Any CPU
	EndGlobalSection
	GlobalSection(ProjectConfigurationPlatforms) = postSolution
		{CBB9D3CB-4C1D-4F37-8D02-F2B00DCFC9BE}.Debug|Any CPU.ActiveCfg = Debug|Any CPU
		{CBB9D3CB-4C1D-4F37-8D02-F2B00DCFC9BE}.Debug|Any CPU.Build.0 = Debug|Any CPU
		{CBB9D3CB-4C1D-4F37-8D02-F2B00DCFC9BE}.Release|Any CPU.ActiveCfg = Release|Any CPU
		{CBB9D3CB-4C1D-4F37-8D02-F2B00DCFC9BE}.Release|Any CPU.Build.0 = Release|Any CPU
	EndGlobalSection
	GlobalSection(SolutionProperties) = preSolution
		HideSolutionNode = FALSE
	EndGlobalSection
	GlobalSection(ExtensibilityGlobals) = postSolution
		SolutionGuid = {7B0AC693-E651-4A46-8E3C-CFE52B8F465B}
	EndGlobalSection
EndGlobal
